{
  "name": "extract-topics",
  "version": "1.0.1",
  "lockfileVersion": 3,
  "requires": true,
  "packages": {
    "": {
      "name": "extract-topics",
      "version": "1.0.1",
      "license": "MIT",
      "dependencies": {
        "ldawithmorelanguages": "https://github.com/jparkerweb/lda"
      }
    },
    "node_modules/ldawithmorelanguages": {
      "name": "lda",
      "version": "0.2.0",
      "resolved": "git+ssh://git@github.com/jparkerweb/lda.git#88b99c576f451e6d140a09553af709aff3488130",
      "dependencies": {
        "stem-porter": "*"
      },
      "engines": {
        "node": ">= 0.8.x"
      }
    },
    "node_modules/stem-porter": {
      "version": "0.0.1",
      "resolved": "https://registry.npmjs.org/stem-porter/-/stem-porter-0.0.1.tgz",
      "integrity": "sha512-xJuy127YOwO4Cv5GPNkFebK9cpgCv2pDeUEVCIXngWjIgQmeH9cjDyk0QV+8coP4SJ6MCQPgUMYXMEQDYflLbw==",
      "license": "MIT",
      "engines": {
        "node": ">=0.6"
      }
    }
  }
}
