{
  "name": "lda-test",
  "version": "1.0.0",
  "lockfileVersion": 3,
  "requires": true,
  "packages": {
    "": {
      "name": "lda-test",
      "version": "1.0.0",
      "license": "ISC",
      "dependencies": {
        "@stdlib/nlp-sentencize": "^0.2.2",
        "ldawithmorelanguages": "^0.0.1"
      }
    },
    "node_modules/@stdlib/assert-has-own-property": {
      "version": "0.2.2",
      "resolved": "https://registry.npmjs.org/@stdlib/assert-has-own-property/-/assert-has-own-property-0.2.2.tgz",
      "integrity": "sha512-m5rV4Z2/iNkwx2vRsNheM6sQZMzc8rQQOo90LieICXovXZy8wA5jNld4kRKjMNcRt/TjrNP7i2Rhh8hruRDlHg==",
      "os": [
        "aix",
        "darwin",
        "freebsd",
        "linux",
        "macos",
        "openbsd",
        "sunos",
        "win32",
        "windows"
      ],
      "engines": {
        "node": ">=0.10.0",
        "npm": ">2.7.0"
      },
      "funding": {
        "type": "opencollective",
        "url": "https://opencollective.com/stdlib"
      }
    },
    "node_modules/@stdlib/assert-has-symbol-support": {
      "version": "0.2.2",
      "resolved": "https://registry.npmjs.org/@stdlib/assert-has-symbol-support/-/assert-has-symbol-support-0.2.2.tgz",
      "integrity": "sha512-vCsGGmDZz5dikGgdF26rIL0y0nHvH7qaVf89HLLTybceuZijAqFSJEqcB3Gpl5uaeueLNAWExHi2EkoUVqKHGg==",
      "os": [
        "aix",
        "darwin",
        "freebsd",
        "linux",
        "macos",
        "openbsd",
        "sunos",
        "win32",
        "windows"
      ],
      "engines": {
        "node": ">=0.10.0",
        "npm": ">2.7.0"
      },
      "funding": {
        "type": "opencollective",
        "url": "https://opencollective.com/stdlib"
      }
    },
    "node_modules/@stdlib/assert-has-tostringtag-support": {
      "version": "0.2.2",
      "resolved": "https://registry.npmjs.org/@stdlib/assert-has-tostringtag-support/-/assert-has-tostringtag-support-0.2.2.tgz",
      "integrity": "sha512-bSHGqku11VH0swPEzO4Y2Dr+lTYEtjSWjamwqCTC8udOiOIOHKoxuU4uaMGKJjVfXG1L+XefLHqzuO5azxdRaA==",
      "os": [
        "aix",
        "darwin",
        "freebsd",
        "linux",
        "macos",
        "openbsd",
        "sunos",
        "win32",
        "windows"
      ],
      "dependencies": {
        "@stdlib/assert-has-symbol-support": "^0.2.1"
      },
      "engines": {
        "node": ">=0.10.0",
        "npm": ">2.7.0"
      },
      "funding": {
        "type": "opencollective",
        "url": "https://opencollective.com/stdlib"
      }
    },
    "node_modules/@stdlib/assert-is-boolean": {
      "version": "0.2.2",
      "resolved": "https://registry.npmjs.org/@stdlib/assert-is-boolean/-/assert-is-boolean-0.2.2.tgz",
      "integrity": "sha512-3KFLRTYZpX6u95baZ6PubBvjehJs2xBU6+zrenR0jx8KToUYCnJPxqqj7JXRhSD+cOURmcjj9rocVaG9Nz18Pg==",
      "os": [
        "aix",
        "darwin",
        "freebsd",
        "linux",
        "macos",
        "openbsd",
        "sunos",
        "win32",
        "windows"
      ],
      "dependencies": {
        "@stdlib/assert-has-tostringtag-support": "^0.2.2",
        "@stdlib/boolean-ctor": "^0.2.2",
        "@stdlib/utils-define-nonenumerable-read-only-property": "^0.2.2",
        "@stdlib/utils-native-class": "^0.2.1"
      },
      "engines": {
        "node": ">=0.10.0",
        "npm": ">2.7.0"
      },
      "funding": {
        "type": "opencollective",
        "url": "https://opencollective.com/stdlib"
      }
    },
    "node_modules/@stdlib/assert-is-string": {
      "version": "0.2.2",
      "resolved": "https://registry.npmjs.org/@stdlib/assert-is-string/-/assert-is-string-0.2.2.tgz",
      "integrity": "sha512-SOkFg4Hq443hkadM4tzcwTHWvTyKP9ULOZ8MSnnqmU0nBX1zLVFLFGY8jnF6Cary0dL0V7QQBCfuxqKFM6u2PQ==",
      "os": [
        "aix",
        "darwin",
        "freebsd",
        "linux",
        "macos",
        "openbsd",
        "sunos",
        "win32",
        "windows"
      ],
      "dependencies": {
        "@stdlib/assert-has-tostringtag-support": "^0.2.2",
        "@stdlib/utils-define-nonenumerable-read-only-property": "^0.2.2",
        "@stdlib/utils-native-class": "^0.2.1"
      },
      "engines": {
        "node": ">=0.10.0",
        "npm": ">2.7.0"
      },
      "funding": {
        "type": "opencollective",
        "url": "https://opencollective.com/stdlib"
      }
    },
    "node_modules/@stdlib/boolean-ctor": {
      "version": "0.2.2",
      "resolved": "https://registry.npmjs.org/@stdlib/boolean-ctor/-/boolean-ctor-0.2.2.tgz",
      "integrity": "sha512-qIkHzmfxDvGzQ3XI9R7sZG97QSaWG5TvWVlrvcysOGT1cs6HtQgnf4D//SRzZ52VLm8oICP+6OKtd8Hpm6G7Ww==",
      "os": [
        "aix",
        "darwin",
        "freebsd",
        "linux",
        "macos",
        "openbsd",
        "sunos",
        "win32",
        "windows"
      ],
      "engines": {
        "node": ">=0.10.0",
        "npm": ">2.7.0"
      },
      "funding": {
        "type": "opencollective",
        "url": "https://opencollective.com/stdlib"
      }
    },
    "node_modules/@stdlib/error-tools-fmtprodmsg": {
      "version": "0.2.2",
      "resolved": "https://registry.npmjs.org/@stdlib/error-tools-fmtprodmsg/-/error-tools-fmtprodmsg-0.2.2.tgz",
      "integrity": "sha512-2IliQfTes4WV5odPidZFGD5eYDswZrPXob7oOu95Q69ERqImo8WzSwnG2EDbHPyOyYCewuMfM5Ha6Ggf+u944Q==",
      "os": [
        "aix",
        "darwin",
        "freebsd",
        "linux",
        "macos",
        "openbsd",
        "sunos",
        "win32",
        "windows"
      ],
      "engines": {
        "node": ">=0.10.0",
        "npm": ">2.7.0"
      },
      "funding": {
        "type": "opencollective",
        "url": "https://opencollective.com/stdlib"
      }
    },
    "node_modules/@stdlib/nlp-sentencize": {
      "version": "0.2.2",
      "resolved": "https://registry.npmjs.org/@stdlib/nlp-sentencize/-/nlp-sentencize-0.2.2.tgz",
      "integrity": "sha512-dWDkcyPoLNvuQA59OxGHorcEQ79Rk6ghJPGwuS8kt9c3Rp0YjSE1cs/+2C9crm8uQXRJr6dcp25hLGLrSiqgsw==",
      "os": [
        "aix",
        "darwin",
        "freebsd",
        "linux",
        "macos",
        "openbsd",
        "sunos",
        "win32",
        "windows"
      ],
      "dependencies": {
        "@stdlib/assert-is-string": "^0.2.1",
        "@stdlib/nlp-tokenize": "^0.2.1",
        "@stdlib/string-base-trim": "^0.2.2"
      },
      "engines": {
        "node": ">=0.10.0",
        "npm": ">2.7.0"
      },
      "funding": {
        "type": "opencollective",
        "url": "https://opencollective.com/stdlib"
      }
    },
    "node_modules/@stdlib/nlp-tokenize": {
      "version": "0.2.2",
      "resolved": "https://registry.npmjs.org/@stdlib/nlp-tokenize/-/nlp-tokenize-0.2.2.tgz",
      "integrity": "sha512-qoKCiOHrV/PuDQpgxY69ROyJcA+uxNORR6JWlLPL4K53rweCGwLf+htDXXuhRcTx/g7mPKNWqoBlGm0WHd8WWg==",
      "os": [
        "aix",
        "darwin",
        "freebsd",
        "linux",
        "macos",
        "openbsd",
        "sunos",
        "win32",
        "windows"
      ],
      "dependencies": {
        "@stdlib/assert-has-own-property": "^0.2.1",
        "@stdlib/assert-is-boolean": "^0.2.1",
        "@stdlib/assert-is-string": "^0.2.1",
        "@stdlib/error-tools-fmtprodmsg": "^0.2.2",
        "@stdlib/string-format": "^0.2.2"
      },
      "engines": {
        "node": ">=0.10.0",
        "npm": ">2.7.0"
      },
      "funding": {
        "type": "opencollective",
        "url": "https://opencollective.com/stdlib"
      }
    },
    "node_modules/@stdlib/string-base-format-interpolate": {
      "version": "0.2.2",
      "resolved": "https://registry.npmjs.org/@stdlib/string-base-format-interpolate/-/string-base-format-interpolate-0.2.2.tgz",
      "integrity": "sha512-i9nU9rAB2+o/RR66TS9iQ8x+YzeUDL1SGiAo6GY3hP6Umz5Dx9Qp/v8T69gWVsb4a1YSclz5+YeCWaFgwvPjKA==",
      "os": [
        "aix",
        "darwin",
        "freebsd",
        "linux",
        "macos",
        "openbsd",
        "sunos",
        "win32",
        "windows"
      ],
      "engines": {
        "node": ">=0.10.0",
        "npm": ">2.7.0"
      },
      "funding": {
        "type": "opencollective",
        "url": "https://opencollective.com/stdlib"
      }
    },
    "node_modules/@stdlib/string-base-format-tokenize": {
      "version": "0.2.2",
      "resolved": "https://registry.npmjs.org/@stdlib/string-base-format-tokenize/-/string-base-format-tokenize-0.2.2.tgz",
      "integrity": "sha512-kXq2015i+LJjqth5dN+hYnvJXBSzRm8w0ABWB5tYAsIuQTpQK+mSo2muM8JBEFEnqUHAwpUsu2qNTK/9o8lsJg==",
      "os": [
        "aix",
        "darwin",
        "freebsd",
        "linux",
        "macos",
        "openbsd",
        "sunos",
        "win32",
        "windows"
      ],
      "engines": {
        "node": ">=0.10.0",
        "npm": ">2.7.0"
      },
      "funding": {
        "type": "opencollective",
        "url": "https://opencollective.com/stdlib"
      }
    },
    "node_modules/@stdlib/string-base-replace": {
      "version": "0.2.2",
      "resolved": "https://registry.npmjs.org/@stdlib/string-base-replace/-/string-base-replace-0.2.2.tgz",
      "integrity": "sha512-Y4jZwRV4Uertw7AlA/lwaYl1HjTefSriN5+ztRcQQyDYmoVN3gzoVKLJ123HPiggZ89vROfC+sk/6AKvly+0CA==",
      "os": [
        "aix",
        "darwin",
        "freebsd",
        "linux",
        "macos",
        "openbsd",
        "sunos",
        "win32",
        "windows"
      ],
      "engines": {
        "node": ">=0.10.0",
        "npm": ">2.7.0"
      },
      "funding": {
        "type": "opencollective",
        "url": "https://opencollective.com/stdlib"
      }
    },
    "node_modules/@stdlib/string-base-trim": {
      "version": "0.2.2",
      "resolved": "https://registry.npmjs.org/@stdlib/string-base-trim/-/string-base-trim-0.2.2.tgz",
      "integrity": "sha512-1BVoM1XYxPbZ7xQcf4+TNP4dya5KphlkRnj0e0FBrmlYacJITvPgmsywOREivHqF8osH1oQQBZ47J/J/hQ79Eg==",
      "os": [
        "aix",
        "darwin",
        "freebsd",
        "linux",
        "macos",
        "openbsd",
        "sunos",
        "win32",
        "windows"
      ],
      "dependencies": {
        "@stdlib/string-base-replace": "^0.2.1"
      },
      "engines": {
        "node": ">=0.10.0",
        "npm": ">2.7.0"
      },
      "funding": {
        "type": "opencollective",
        "url": "https://opencollective.com/stdlib"
      }
    },
    "node_modules/@stdlib/string-format": {
      "version": "0.2.2",
      "resolved": "https://registry.npmjs.org/@stdlib/string-format/-/string-format-0.2.2.tgz",
      "integrity": "sha512-GUa50uxgMAtoItsxTbMmwkyhIwrCxCrsjzk3nAbLnt/1Kt1EWOWMwsALqZdD6K4V/xSJ4ns6PZur3W6w+vKk9g==",
      "os": [
        "aix",
        "darwin",
        "freebsd",
        "linux",
        "macos",
        "openbsd",
        "sunos",
        "win32",
        "windows"
      ],
      "dependencies": {
        "@stdlib/string-base-format-interpolate": "^0.2.1",
        "@stdlib/string-base-format-tokenize": "^0.2.2"
      },
      "engines": {
        "node": ">=0.10.0",
        "npm": ">2.7.0"
      },
      "funding": {
        "type": "opencollective",
        "url": "https://opencollective.com/stdlib"
      }
    },
    "node_modules/@stdlib/symbol-ctor": {
      "version": "0.2.2",
      "resolved": "https://registry.npmjs.org/@stdlib/symbol-ctor/-/symbol-ctor-0.2.2.tgz",
      "integrity": "sha512-XsmiTfHnTb9jSPf2SoK3O0wrNOXMxqzukvDvtzVur1XBKfim9+seaAS4akmV1H3+AroAXQWVtde885e1B6jz1w==",
      "os": [
        "aix",
        "darwin",
        "freebsd",
        "linux",
        "macos",
        "openbsd",
        "sunos",
        "win32",
        "windows"
      ],
      "engines": {
        "node": ">=0.10.0",
        "npm": ">2.7.0"
      },
      "funding": {
        "type": "opencollective",
        "url": "https://opencollective.com/stdlib"
      }
    },
    "node_modules/@stdlib/utils-define-nonenumerable-read-only-property": {
      "version": "0.2.2",
      "resolved": "https://registry.npmjs.org/@stdlib/utils-define-nonenumerable-read-only-property/-/utils-define-nonenumerable-read-only-property-0.2.2.tgz",
      "integrity": "sha512-V3mpAesJemLYDKG376CsmoczWPE/4LKsp8xBvUxCt5CLNAx3J/1W39iZQyA5q6nY1RStGinGn1/dYZwa8ig0Uw==",
      "os": [
        "aix",
        "darwin",
        "freebsd",
        "linux",
        "macos",
        "openbsd",
        "sunos",
        "win32",
        "windows"
      ],
      "dependencies": {
        "@stdlib/utils-define-property": "^0.2.3"
      },
      "engines": {
        "node": ">=0.10.0",
        "npm": ">2.7.0"
      },
      "funding": {
        "type": "opencollective",
        "url": "https://opencollective.com/stdlib"
      }
    },
    "node_modules/@stdlib/utils-define-property": {
      "version": "0.2.4",
      "resolved": "https://registry.npmjs.org/@stdlib/utils-define-property/-/utils-define-property-0.2.4.tgz",
      "integrity": "sha512-XlMdz7xwuw/sqXc9LbsV8XunCzZXjbZPC+OAdf4t4PBw4ZRwGzlTI6WED+f4PYR5Tp9F1cHgLPyMYCIBfA2zRg==",
      "os": [
        "aix",
        "darwin",
        "freebsd",
        "linux",
        "macos",
        "openbsd",
        "sunos",
        "win32",
        "windows"
      ],
      "dependencies": {
        "@stdlib/error-tools-fmtprodmsg": "^0.2.1",
        "@stdlib/string-format": "^0.2.1"
      },
      "engines": {
        "node": ">=0.10.0",
        "npm": ">2.7.0"
      },
      "funding": {
        "type": "opencollective",
        "url": "https://opencollective.com/stdlib"
      }
    },
    "node_modules/@stdlib/utils-native-class": {
      "version": "0.2.2",
      "resolved": "https://registry.npmjs.org/@stdlib/utils-native-class/-/utils-native-class-0.2.2.tgz",
      "integrity": "sha512-cSn/FozbEpfR/FlJAoceQtZ8yUJFhZ8RFkbEsxW/7+H4o09yln3lBS0HSfUJISYNtpTNN/2/Fup88vmvwspvwA==",
      "os": [
        "aix",
        "darwin",
        "freebsd",
        "linux",
        "macos",
        "openbsd",
        "sunos",
        "win32",
        "windows"
      ],
      "dependencies": {
        "@stdlib/assert-has-own-property": "^0.2.1",
        "@stdlib/assert-has-tostringtag-support": "^0.2.2",
        "@stdlib/symbol-ctor": "^0.2.2"
      },
      "engines": {
        "node": ">=0.10.0",
        "npm": ">2.7.0"
      },
      "funding": {
        "type": "opencollective",
        "url": "https://opencollective.com/stdlib"
      }
    },
    "node_modules/ldawithmorelanguages": {
      "version": "0.0.1",
      "resolved": "https://registry.npmjs.org/ldawithmorelanguages/-/ldawithmorelanguages-0.0.1.tgz",
      "integrity": "sha512-6EphZCtSYLOed/gnhx/LLI+Z0csltpPsJVt2cp7C+mGJSTbzv/H1ogov41SHrnyUvn7dR8FGyJeEPOnBr7IfoQ==",
      "dependencies": {
        "stem-porter": "*"
      },
      "engines": {
        "node": ">= 0.8.x"
      }
    },
    "node_modules/stem-porter": {
      "version": "0.0.1",
      "resolved": "https://registry.npmjs.org/stem-porter/-/stem-porter-0.0.1.tgz",
      "integrity": "sha512-xJuy127YOwO4Cv5GPNkFebK9cpgCv2pDeUEVCIXngWjIgQmeH9cjDyk0QV+8coP4SJ6MCQPgUMYXMEQDYflLbw==",
      "engines": {
        "node": ">=0.6"
      }
    }
  }
}
